
Microsoft Visual Studio Solution File, Format Version 12.00
# Visual Studio Version 17
VisualStudioVersion = 17.14.36401.2 d17.14
MinimumVisualStudioVersion = 10.0.40219.1
Project("{FAE04EC0-301F-11D3-BF4B-00C04F79EFBC}") = "GitCheck", "GitCheck\GitCheck.csproj", "{36B78AF2-68A4-49DA-9C18-0F4513AE9E3B}"
EndProject
Global
	GlobalSection(SolutionConfigurationPlatforms) = preSolution
		Debug|Any CPU = Debug|Any CPU
		Release|Any CPU = Release|Any CPU
	EndGlobalSection
	GlobalSection(ProjectConfigurationPlatforms) = postSolution
		{36B78AF2-68A4-49DA-9C18-0F4513AE9E3B}.Debug|Any CPU.ActiveCfg = Debug|Any CPU
		{36B78AF2-68A4-49DA-9C18-0F4513AE9E3B}.Debug|Any CPU.Build.0 = Debug|Any CPU
		{36B78AF2-68A4-49DA-9C18-0F4513AE9E3B}.Release|Any CPU.ActiveCfg = Release|Any CPU
		{36B78AF2-68A4-49DA-9C18-0F4513AE9E3B}.Release|Any CPU.Build.0 = Release|Any CPU
	EndGlobalSection
	GlobalSection(SolutionProperties) = preSolution
		HideSolutionNode = FALSE
	EndGlobalSection
	GlobalSection(ExtensibilityGlobals) = postSolution
		SolutionGuid = {C4B0B143-BCE1-4642-AB48-112EDBC1F5B5}
	EndGlobalSection
EndGlobal
