
Microsoft Visual Studio Solution File, Format Version 12.00
# Visual Studio Version 17
VisualStudioVersion = 17.14.36401.2 d17.14
MinimumVisualStudioVersion = 10.0.40219.1
Project("{FAE04EC0-301F-11D3-BF4B-00C04F79EFBC}") = "carRental", "carRental\carRental.csproj", "{D2F0031E-B18D-4AAB-AFD1-0C084A79B6DD}"
EndProject
Global
	GlobalSection(SolutionConfigurationPlatforms) = preSolution
		Debug|Any CPU = Debug|Any CPU
		Release|Any CPU = Release|Any CPU
	EndGlobalSection
	GlobalSection(ProjectConfigurationPlatforms) = postSolution
		{D2F0031E-B18D-4AAB-AFD1-0C084A79B6DD}.Debug|Any CPU.ActiveCfg = Debug|Any CPU
		{D2F0031E-B18D-4AAB-AFD1-0C084A79B6DD}.Debug|Any CPU.Build.0 = Debug|Any CPU
		{D2F0031E-B18D-4AAB-AFD1-0C084A79B6DD}.Release|Any CPU.ActiveCfg = Release|Any CPU
		{D2F0031E-B18D-4AAB-AFD1-0C084A79B6DD}.Release|Any CPU.Build.0 = Release|Any CPU
	EndGlobalSection
	GlobalSection(SolutionProperties) = preSolution
		HideSolutionNode = FALSE
	EndGlobalSection
	GlobalSection(ExtensibilityGlobals) = postSolution
		SolutionGuid = {BEE88529-414E-4020-A4BD-DF1B6817088C}
	EndGlobalSection
EndGlobal
