
Microsoft Visual Studio Solution File, Format Version 12.00
# Visual Studio Version 17
VisualStudioVersion = 17.14.36401.2 d17.14
MinimumVisualStudioVersion = 10.0.40219.1
Project("{FAE04EC0-301F-11D3-BF4B-00C04F79EFBC}") = "Car_rentals", "Car_rentals\Car_rentals.csproj", "{3A727893-A587-4F5F-B896-80BCD46FDC14}"
EndProject
Global
	GlobalSection(SolutionConfigurationPlatforms) = preSolution
		Debug|Any CPU = Debug|Any CPU
		Release|Any CPU = Release|Any CPU
	EndGlobalSection
	GlobalSection(ProjectConfigurationPlatforms) = postSolution
		{3A727893-A587-4F5F-B896-80BCD46FDC14}.Debug|Any CPU.ActiveCfg = Debug|Any CPU
		{3A727893-A587-4F5F-B896-80BCD46FDC14}.Debug|Any CPU.Build.0 = Debug|Any CPU
		{3A727893-A587-4F5F-B896-80BCD46FDC14}.Release|Any CPU.ActiveCfg = Release|Any CPU
		{3A727893-A587-4F5F-B896-80BCD46FDC14}.Release|Any CPU.Build.0 = Release|Any CPU
	EndGlobalSection
	GlobalSection(SolutionProperties) = preSolution
		HideSolutionNode = FALSE
	EndGlobalSection
	GlobalSection(ExtensibilityGlobals) = postSolution
		SolutionGuid = {56EFCBDD-B4CF-44BE-B934-8068616C58A3}
	EndGlobalSection
EndGlobal
