
Microsoft Visual Studio Solution File, Format Version 12.00
# Visual Studio Version 17
VisualStudioVersion = 17.14.36401.2 d17.14
MinimumVisualStudioVersion = 10.0.40219.1
Project("{FAE04EC0-301F-11D3-BF4B-00C04F79EFBC}") = "EmployeeAdmin", "EmployeeAdmin\EmployeeAdmin.csproj", "{3B2C053C-4091-45D1-AB80-A5E20E6E495B}"
EndProject
Global
	GlobalSection(SolutionConfigurationPlatforms) = preSolution
		Debug|Any CPU = Debug|Any CPU
		Release|Any CPU = Release|Any CPU
	EndGlobalSection
	GlobalSection(ProjectConfigurationPlatforms) = postSolution
		{3B2C053C-4091-45D1-AB80-A5E20E6E495B}.Debug|Any CPU.ActiveCfg = Debug|Any CPU
		{3B2C053C-4091-45D1-AB80-A5E20E6E495B}.Debug|Any CPU.Build.0 = Debug|Any CPU
		{3B2C053C-4091-45D1-AB80-A5E20E6E495B}.Release|Any CPU.ActiveCfg = Release|Any CPU
		{3B2C053C-4091-45D1-AB80-A5E20E6E495B}.Release|Any CPU.Build.0 = Release|Any CPU
	EndGlobalSection
	GlobalSection(SolutionProperties) = preSolution
		HideSolutionNode = FALSE
	EndGlobalSection
	GlobalSection(ExtensibilityGlobals) = postSolution
		SolutionGuid = {68289158-B674-486D-8D0F-19E463CAE051}
	EndGlobalSection
EndGlobal
