
Microsoft Visual Studio Solution File, Format Version 12.00
# Visual Studio Version 17
VisualStudioVersion = 17.14.36401.2 d17.14
MinimumVisualStudioVersion = 10.0.40219.1
Project("{FAE04EC0-301F-11D3-BF4B-00C04F79EFBC}") = "ProblemManagement", "ProblemManagement\ProblemManagement.csproj", "{C4677924-ABC3-4FC5-9956-4D72AB6DFA59}"
EndProject
Global
	GlobalSection(SolutionConfigurationPlatforms) = preSolution
		Debug|Any CPU = Debug|Any CPU
		Release|Any CPU = Release|Any CPU
	EndGlobalSection
	GlobalSection(ProjectConfigurationPlatforms) = postSolution
		{C4677924-ABC3-4FC5-9956-4D72AB6DFA59}.Debug|Any CPU.ActiveCfg = Debug|Any CPU
		{C4677924-ABC3-4FC5-9956-4D72AB6DFA59}.Debug|Any CPU.Build.0 = Debug|Any CPU
		{C4677924-ABC3-4FC5-9956-4D72AB6DFA59}.Release|Any CPU.ActiveCfg = Release|Any CPU
		{C4677924-ABC3-4FC5-9956-4D72AB6DFA59}.Release|Any CPU.Build.0 = Release|Any CPU
	EndGlobalSection
	GlobalSection(SolutionProperties) = preSolution
		HideSolutionNode = FALSE
	EndGlobalSection
	GlobalSection(ExtensibilityGlobals) = postSolution
		SolutionGuid = {D6B619F5-AA8D-46EF-937E-7AB784115E01}
	EndGlobalSection
EndGlobal
